<?xml version="1.0" encoding="utf-8"?>
<Project ToolsVersion="4.0" xmlns="http://schemas.microsoft.com/developer/msbuild/2003">
  <ItemGroup>
    <Filter Include="Source Files">
      <UniqueIdentifier>{4FC737F1-C7A5-4376-A066-2A32D752A2FF}</UniqueIdentifier>
      <Extensions>cpp;c;cc;cxx;c++;cppm;ixx;def;odl;idl;hpj;bat;asm;asmx</Extensions>
    </Filter>
    <Filter Include="Header Files">
      <UniqueIdentifier>{93995380-89BD-4b04-88EB-625FBE52EBFB}</UniqueIdentifier>
      <Extensions>h;hh;hpp;hxx;h++;hm;inl;inc;ipp;xsd</Extensions>
    </Filter>
    <Filter Include="Resource Files">
      <UniqueIdentifier>{67DA6AB6-F800-4c08-8B7A-83BB121AAD01}</UniqueIdentifier>
      <Extensions>rc;ico;cur;bmp;dlg;rc2;rct;bin;rgs;gif;jpg;jpeg;jpe;resx;tiff;tif;png;wav;mfcribbon-ms</Extensions>
    </Filter>
    <Filter Include="Source Files\1.9 FinAidUpdater">
      <UniqueIdentifier>{39485d3c-90d9-475b-84fe-ea09f43f154d}</UniqueIdentifier>
    </Filter>
    <Filter Include="Header Files\1.9 FinAidUpdater">
      <UniqueIdentifier>{8f1c5d1d-c597-4220-9394-77caa5944f99}</UniqueIdentifier>
    </Filter>
    <Filter Include="Source Files\2.2">
      <UniqueIdentifier>{7e5e4ac3-61ce-404a-8fbe-8933350f92a1}</UniqueIdentifier>
    </Filter>
    <Filter Include="Source Files\2.5">
      <UniqueIdentifier>{88598fe2-7d75-406a-94fc-f373e6c20d39}</UniqueIdentifier>
    </Filter>
    <Filter Include="Source Files\3.5">
      <UniqueIdentifier>{834645a5-8029-4b6a-adb9-ce15ff319422}</UniqueIdentifier>
    </Filter>
    <Filter Include="Source Files\3.8">
      <UniqueIdentifier>{85e07240-92e7-4538-ab43-2a092b332b4f}</UniqueIdentifier>
    </Filter>
    <Filter Include="Source Files\Appendix D">
      <UniqueIdentifier>{b46615be-b562-4c01-9979-1f2448576828}</UniqueIdentifier>
    </Filter>
  </ItemGroup>
  <ItemGroup>
    <ClCompile Include="Algorithms.cpp">
      <Filter>Source Files</Filter>
    </ClCompile>
    <ClCompile Include="SimpleDataTypes.cpp">
      <Filter>Source Files\2.2</Filter>
    </ClCompile>
    <ClCompile Include="..\..\examples\Fig2-5.cpp">
      <Filter>Source Files\2.5</Filter>
    </ClCompile>
    <ClCompile Include="..\..\examples\Fig3-5.cpp">
      <Filter>Source Files\3.5</Filter>
    </ClCompile>
    <ClCompile Include="..\..\examples\StudentAidRecord.cpp">
      <Filter>Source Files\1.9 FinAidUpdater</Filter>
    </ClCompile>
    <ClCompile Include="..\..\examples\testdriver.cpp">
      <Filter>Source Files\1.9 FinAidUpdater</Filter>
    </ClCompile>
    <ClCompile Include="..\..\examples\FinancialAidAward.cpp">
      <Filter>Source Files\1.9 FinAidUpdater</Filter>
    </ClCompile>
    <ClCompile Include="..\..\examples\Fig3-8.cpp">
      <Filter>Source Files\3.8</Filter>
    </ClCompile>
    <ClCompile Include="..\..\examples\argc-argv-demo.cpp">
      <Filter>Source Files\Appendix D</Filter>
    </ClCompile>
  </ItemGroup>
  <ItemGroup>
    <ClInclude Include="..\..\examples\FinancialAidAward.h">
      <Filter>Header Files\1.9 FinAidUpdater</Filter>
    </ClInclude>
    <ClInclude Include="..\..\examples\StudentAidRecord.h">
      <Filter>Header Files\1.9 FinAidUpdater</Filter>
    </ClInclude>
  </ItemGroup>
</Project>